// !$*UTF8*$!
{
	archiveVersion = 1;
	classes = {
	};
	objectVersion = 55;
	objects = {

/* Begin PBXBuildFile section */
		6523F6762A01132200CE31C3 /* Extensions.swift in Sources */ = {isa = PBXBuildFile; fileRef = 6523F6752A01132200CE31C3 /* Extensions.swift */; };
		6528B1832B5ABC850061936A /* QRScanner.swift in Sources */ = {isa = PBXBuildFile; fileRef = 6528B1822B5ABC850061936A /* QRScanner.swift */; };
		6541A524282E69600051B2B0 /* DailyWalletApp.swift in Sources */ = {isa = PBXBuildFile; fileRef = 6541A523282E69600051B2B0 /* DailyWalletApp.swift */; };
		6541A526282E69600051B2B0 /* StartView.swift in Sources */ = {isa = PBXBuildFile; fileRef = 6541A525282E69600051B2B0 /* StartView.swift */; };
		6541A528282E69620051B2B0 /* Assets.xcassets in Resources */ = {isa = PBXBuildFile; fileRef = 6541A527282E69620051B2B0 /* Assets.xcassets */; };
		6541A52B282E69620051B2B0 /* Preview Assets.xcassets in Resources */ = {isa = PBXBuildFile; fileRef = 6541A52A282E69620051B2B0 /* Preview Assets.xcassets */; };
		6541A53B282E70590051B2B0 /* BackupManager.swift in Sources */ = {isa = PBXBuildFile; fileRef = 6541A53A282E70590051B2B0 /* BackupManager.swift */; };
		6541A53E282E70C20051B2B0 /* KeychainAccess in Frameworks */ = {isa = PBXBuildFile; productRef = 6541A53D282E70C20051B2B0 /* KeychainAccess */; };
		6541A540282E718D0051B2B0 /* PaymentsView.swift in Sources */ = {isa = PBXBuildFile; fileRef = 6541A53F282E718D0051B2B0 /* PaymentsView.swift */; };
		6541A544282E71B60051B2B0 /* CreateWalletView.swift in Sources */ = {isa = PBXBuildFile; fileRef = 6541A541282E71B60051B2B0 /* CreateWalletView.swift */; };
		6541A545282E71B60051B2B0 /* ImportWalletView.swift in Sources */ = {isa = PBXBuildFile; fileRef = 6541A542282E71B60051B2B0 /* ImportWalletView.swift */; };
		6541A546282E71B60051B2B0 /* AdvancedCreateView.swift in Sources */ = {isa = PBXBuildFile; fileRef = 6541A543282E71B60051B2B0 /* AdvancedCreateView.swift */; };
		658FA38828CB5CEF00196EF9 /* WalletUI in Frameworks */ = {isa = PBXBuildFile; productRef = 658FA38728CB5CEF00196EF9 /* WalletUI */; };
		658FA38A28CB924F00196EF9 /* SettingsView.swift in Sources */ = {isa = PBXBuildFile; fileRef = 658FA38928CB924F00196EF9 /* SettingsView.swift */; };
		658FA38C28CB931300196EF9 /* HomeView.swift in Sources */ = {isa = PBXBuildFile; fileRef = 658FA38B28CB931200196EF9 /* HomeView.swift */; };
		658FA38E28CB950A00196EF9 /* ActivityView.swift in Sources */ = {isa = PBXBuildFile; fileRef = 658FA38D28CB950A00196EF9 /* ActivityView.swift */; };
		65A85E6628F01D8A00845AE2 /* RequestView.swift in Sources */ = {isa = PBXBuildFile; fileRef = 65A85E6528F01D8A00845AE2 /* RequestView.swift */; };
		65A85E6828F01F5600845AE2 /* SendView.swift in Sources */ = {isa = PBXBuildFile; fileRef = 65A85E6728F01F5500845AE2 /* SendView.swift */; };
		65CE7B4D2B2A0C7100C53635 /* LDKNode in Frameworks */ = {isa = PBXBuildFile; productRef = 65CE7B4C2B2A0C7100C53635 /* LDKNode */; };
		65E0D8EA29FFD8BF003F45C8 /* LSP.swift in Sources */ = {isa = PBXBuildFile; fileRef = 65E0D8E929FFD8BF003F45C8 /* LSP.swift */; };
		65EA783529F1431E00384706 /* LDKNodeManager.swift in Sources */ = {isa = PBXBuildFile; fileRef = 65EA783429F1431E00384706 /* LDKNodeManager.swift */; };
/* End PBXBuildFile section */

/* Begin PBXCopyFilesBuildPhase section */
		6541A5562837E91F0051B2B0 /* Embed Frameworks */ = {
			isa = PBXCopyFilesBuildPhase;
			buildActionMask = 2147483647;
			dstPath = "";
			dstSubfolderSpec = 10;
			files = (
			);
			name = "Embed Frameworks";
			runOnlyForDeploymentPostprocessing = 0;
		};
/* End PBXCopyFilesBuildPhase section */

/* Begin PBXFileReference section */
		6523F6752A01132200CE31C3 /* Extensions.swift */ = {isa = PBXFileReference; lastKnownFileType = sourcecode.swift; path = Extensions.swift; sourceTree = "<group>"; };
		6528B1822B5ABC850061936A /* QRScanner.swift */ = {isa = PBXFileReference; lastKnownFileType = sourcecode.swift; path = QRScanner.swift; sourceTree = "<group>"; };
		6541A520282E69600051B2B0 /* Daily Wallet.app */ = {isa = PBXFileReference; explicitFileType = wrapper.application; includeInIndex = 0; path = "Daily Wallet.app"; sourceTree = BUILT_PRODUCTS_DIR; };
		6541A523282E69600051B2B0 /* DailyWalletApp.swift */ = {isa = PBXFileReference; lastKnownFileType = sourcecode.swift; path = DailyWalletApp.swift; sourceTree = "<group>"; };
		6541A525282E69600051B2B0 /* StartView.swift */ = {isa = PBXFileReference; lastKnownFileType = sourcecode.swift; path = StartView.swift; sourceTree = "<group>"; };
		6541A527282E69620051B2B0 /* Assets.xcassets */ = {isa = PBXFileReference; lastKnownFileType = folder.assetcatalog; path = Assets.xcassets; sourceTree = "<group>"; };
		6541A52A282E69620051B2B0 /* Preview Assets.xcassets */ = {isa = PBXFileReference; lastKnownFileType = folder.assetcatalog; path = "Preview Assets.xcassets"; sourceTree = "<group>"; };
		6541A534282E6A960051B2B0 /* README.md */ = {isa = PBXFileReference; lastKnownFileType = net.daringfireball.markdown; path = README.md; sourceTree = "<group>"; };
		6541A535282E6B710051B2B0 /* .gitignore */ = {isa = PBXFileReference; lastKnownFileType = text; path = .gitignore; sourceTree = "<group>"; };
		6541A53A282E70590051B2B0 /* BackupManager.swift */ = {isa = PBXFileReference; lastKnownFileType = sourcecode.swift; path = BackupManager.swift; sourceTree = "<group>"; };
		6541A53F282E718D0051B2B0 /* PaymentsView.swift */ = {isa = PBXFileReference; lastKnownFileType = sourcecode.swift; path = PaymentsView.swift; sourceTree = "<group>"; };
		6541A541282E71B60051B2B0 /* CreateWalletView.swift */ = {isa = PBXFileReference; fileEncoding = 4; lastKnownFileType = sourcecode.swift; path = CreateWalletView.swift; sourceTree = "<group>"; };
		6541A542282E71B60051B2B0 /* ImportWalletView.swift */ = {isa = PBXFileReference; fileEncoding = 4; lastKnownFileType = sourcecode.swift; path = ImportWalletView.swift; sourceTree = "<group>"; };
		6541A543282E71B60051B2B0 /* AdvancedCreateView.swift */ = {isa = PBXFileReference; fileEncoding = 4; lastKnownFileType = sourcecode.swift; path = AdvancedCreateView.swift; sourceTree = "<group>"; };
		658FA38928CB924F00196EF9 /* SettingsView.swift */ = {isa = PBXFileReference; lastKnownFileType = sourcecode.swift; path = SettingsView.swift; sourceTree = "<group>"; };
		658FA38B28CB931200196EF9 /* HomeView.swift */ = {isa = PBXFileReference; lastKnownFileType = sourcecode.swift; path = HomeView.swift; sourceTree = "<group>"; };
		658FA38D28CB950A00196EF9 /* ActivityView.swift */ = {isa = PBXFileReference; lastKnownFileType = sourcecode.swift; path = ActivityView.swift; sourceTree = "<group>"; };
		65A85E6528F01D8A00845AE2 /* RequestView.swift */ = {isa = PBXFileReference; lastKnownFileType = sourcecode.swift; path = RequestView.swift; sourceTree = "<group>"; };
		65A85E6728F01F5500845AE2 /* SendView.swift */ = {isa = PBXFileReference; lastKnownFileType = sourcecode.swift; path = SendView.swift; sourceTree = "<group>"; };
		65E0D8E929FFD8BF003F45C8 /* LSP.swift */ = {isa = PBXFileReference; lastKnownFileType = sourcecode.swift; path = LSP.swift; sourceTree = "<group>"; };
		65EA783429F1431E00384706 /* LDKNodeManager.swift */ = {isa = PBXFileReference; lastKnownFileType = sourcecode.swift; path = LDKNodeManager.swift; sourceTree = "<group>"; };
/* End PBXFileReference section */

/* Begin PBXFrameworksBuildPhase section */
		6541A51D282E69600051B2B0 /* Frameworks */ = {
			isa = PBXFrameworksBuildPhase;
			buildActionMask = 2147483647;
			files = (
				65CE7B4D2B2A0C7100C53635 /* LDKNode in Frameworks */,
				6541A53E282E70C20051B2B0 /* KeychainAccess in Frameworks */,
				658FA38828CB5CEF00196EF9 /* WalletUI in Frameworks */,
			);
			runOnlyForDeploymentPostprocessing = 0;
		};
/* End PBXFrameworksBuildPhase section */

/* Begin PBXGroup section */
		6541A517282E69600051B2B0 = {
			isa = PBXGroup;
			children = (
				65E7B48929F65EA800E3A672 /* Packages */,
				6541A534282E6A960051B2B0 /* README.md */,
				6541A535282E6B710051B2B0 /* .gitignore */,
				6541A522282E69600051B2B0 /* dailywallet */,
				6541A521282E69600051B2B0 /* Products */,
				6541A5522837E91F0051B2B0 /* Frameworks */,
			);
			sourceTree = "<group>";
		};
		6541A521282E69600051B2B0 /* Products */ = {
			isa = PBXGroup;
			children = (
				6541A520282E69600051B2B0 /* Daily Wallet.app */,
			);
			name = Products;
			sourceTree = "<group>";
		};
		6541A522282E69600051B2B0 /* dailywallet */ = {
			isa = PBXGroup;
			children = (
				6541A531282E69DD0051B2B0 /* App */,
				6541A532282E69EE0051B2B0 /* Views */,
				6541A539282E6FE50051B2B0 /* Backup */,
				6541A54F2837E8320051B2B0 /* Bitcoin */,
				6541A533282E69FF0051B2B0 /* Resources */,
				6541A529282E69620051B2B0 /* Preview Content */,
			);
			path = dailywallet;
			sourceTree = "<group>";
		};
		6541A529282E69620051B2B0 /* Preview Content */ = {
			isa = PBXGroup;
			children = (
				6541A52A282E69620051B2B0 /* Preview Assets.xcassets */,
			);
			path = "Preview Content";
			sourceTree = "<group>";
		};
		6541A531282E69DD0051B2B0 /* App */ = {
			isa = PBXGroup;
			children = (
				6541A523282E69600051B2B0 /* DailyWalletApp.swift */,
			);
			path = App;
			sourceTree = "<group>";
		};
		6541A532282E69EE0051B2B0 /* Views */ = {
			isa = PBXGroup;
			children = (
				658FA38B28CB931200196EF9 /* HomeView.swift */,
				6541A53F282E718D0051B2B0 /* PaymentsView.swift */,
				658FA38D28CB950A00196EF9 /* ActivityView.swift */,
				658FA38928CB924F00196EF9 /* SettingsView.swift */,
				65A85E6428F01D7300845AE2 /* Payments */,
				6541A547282E71D30051B2B0 /* Onboarding */,
			);
			path = Views;
			sourceTree = "<group>";
		};
		6541A533282E69FF0051B2B0 /* Resources */ = {
			isa = PBXGroup;
			children = (
				6541A527282E69620051B2B0 /* Assets.xcassets */,
			);
			path = Resources;
			sourceTree = "<group>";
		};
		6541A539282E6FE50051B2B0 /* Backup */ = {
			isa = PBXGroup;
			children = (
				6541A53A282E70590051B2B0 /* BackupManager.swift */,
			);
			path = Backup;
			sourceTree = "<group>";
		};
		6541A547282E71D30051B2B0 /* Onboarding */ = {
			isa = PBXGroup;
			children = (
				6541A525282E69600051B2B0 /* StartView.swift */,
				6541A541282E71B60051B2B0 /* CreateWalletView.swift */,
				6541A542282E71B60051B2B0 /* ImportWalletView.swift */,
				6541A543282E71B60051B2B0 /* AdvancedCreateView.swift */,
			);
			path = Onboarding;
			sourceTree = "<group>";
		};
		6541A54F2837E8320051B2B0 /* Bitcoin */ = {
			isa = PBXGroup;
			children = (
				65EA783429F1431E00384706 /* LDKNodeManager.swift */,
				65E0D8E929FFD8BF003F45C8 /* LSP.swift */,
				6523F6752A01132200CE31C3 /* Extensions.swift */,
			);
			path = Bitcoin;
			sourceTree = "<group>";
		};
		6541A5522837E91F0051B2B0 /* Frameworks */ = {
			isa = PBXGroup;
			children = (
			);
			name = Frameworks;
			sourceTree = "<group>";
		};
		65A85E6428F01D7300845AE2 /* Payments */ = {
			isa = PBXGroup;
			children = (
				65A85E6528F01D8A00845AE2 /* RequestView.swift */,
				65A85E6728F01F5500845AE2 /* SendView.swift */,
				6528B1822B5ABC850061936A /* QRScanner.swift */,
			);
			path = Payments;
			sourceTree = "<group>";
		};
		65E7B48929F65EA800E3A672 /* Packages */ = {
			isa = PBXGroup;
			children = (
			);
			name = Packages;
			sourceTree = "<group>";
		};
/* End PBXGroup section */

/* Begin PBXNativeTarget section */
		6541A51F282E69600051B2B0 /* dailywallet */ = {
			isa = PBXNativeTarget;
			buildConfigurationList = 6541A52E282E69620051B2B0 /* Build configuration list for PBXNativeTarget "dailywallet" */;
			buildPhases = (
				6541A51C282E69600051B2B0 /* Sources */,
				6541A51D282E69600051B2B0 /* Frameworks */,
				6541A51E282E69600051B2B0 /* Resources */,
				6541A5562837E91F0051B2B0 /* Embed Frameworks */,
			);
			buildRules = (
			);
			dependencies = (
			);
			name = dailywallet;
			packageProductDependencies = (
				6541A53D282E70C20051B2B0 /* KeychainAccess */,
				658FA38728CB5CEF00196EF9 /* WalletUI */,
				65CE7B4C2B2A0C7100C53635 /* LDKNode */,
			);
			productName = dailywallet;
			productReference = 6541A520282E69600051B2B0 /* Daily Wallet.app */;
			productType = "com.apple.product-type.application";
		};
/* End PBXNativeTarget section */

/* Begin PBXProject section */
		6541A518282E69600051B2B0 /* Project object */ = {
			isa = PBXProject;
			attributes = {
				BuildIndependentTargetsInParallel = 1;
				LastSwiftUpdateCheck = 1320;
				LastUpgradeCheck = 1320;
				TargetAttributes = {
					6541A51F282E69600051B2B0 = {
						CreatedOnToolsVersion = 13.2.1;
					};
				};
			};
			buildConfigurationList = 6541A51B282E69600051B2B0 /* Build configuration list for PBXProject "dailywallet" */;
			compatibilityVersion = "Xcode 13.0";
			developmentRegion = en;
			hasScannedForEncodings = 0;
			knownRegions = (
				en,
				Base,
			);
			mainGroup = 6541A517282E69600051B2B0;
			packageReferences = (
				6541A53C282E70C20051B2B0 /* XCRemoteSwiftPackageReference "KeychainAccess" */,
				658FA38628CB5CEF00196EF9 /* XCRemoteSwiftPackageReference "WalletUI" */,
				65CE7B4B2B2A0C7100C53635 /* XCRemoteSwiftPackageReference "ldk-node" */,
			);
			productRefGroup = 6541A521282E69600051B2B0 /* Products */;
			projectDirPath = "";
			projectRoot = "";
			targets = (
				6541A51F282E69600051B2B0 /* dailywallet */,
			);
		};
/* End PBXProject section */

/* Begin PBXResourcesBuildPhase section */
		6541A51E282E69600051B2B0 /* Resources */ = {
			isa = PBXResourcesBuildPhase;
			buildActionMask = 2147483647;
			files = (
				6541A52B282E69620051B2B0 /* Preview Assets.xcassets in Resources */,
				6541A528282E69620051B2B0 /* Assets.xcassets in Resources */,
			);
			runOnlyForDeploymentPostprocessing = 0;
		};
/* End PBXResourcesBuildPhase section */

/* Begin PBXSourcesBuildPhase section */
		6541A51C282E69600051B2B0 /* Sources */ = {
			isa = PBXSourcesBuildPhase;
			buildActionMask = 2147483647;
			files = (
				658FA38C28CB931300196EF9 /* HomeView.swift in Sources */,
				6541A526282E69600051B2B0 /* StartView.swift in Sources */,
				6541A53B282E70590051B2B0 /* BackupManager.swift in Sources */,
				658FA38A28CB924F00196EF9 /* SettingsView.swift in Sources */,
				6541A546282E71B60051B2B0 /* AdvancedCreateView.swift in Sources */,
				6541A544282E71B60051B2B0 /* CreateWalletView.swift in Sources */,
				6541A524282E69600051B2B0 /* DailyWalletApp.swift in Sources */,
				6528B1832B5ABC850061936A /* QRScanner.swift in Sources */,
				65E0D8EA29FFD8BF003F45C8 /* LSP.swift in Sources */,
				65EA783529F1431E00384706 /* LDKNodeManager.swift in Sources */,
				65A85E6628F01D8A00845AE2 /* RequestView.swift in Sources */,
				6523F6762A01132200CE31C3 /* Extensions.swift in Sources */,
				6541A545282E71B60051B2B0 /* ImportWalletView.swift in Sources */,
				6541A540282E718D0051B2B0 /* PaymentsView.swift in Sources */,
				65A85E6828F01F5600845AE2 /* SendView.swift in Sources */,
				658FA38E28CB950A00196EF9 /* ActivityView.swift in Sources */,
			);
			runOnlyForDeploymentPostprocessing = 0;
		};
/* End PBXSourcesBuildPhase section */

/* Begin XCBuildConfiguration section */
		6541A52C282E69620051B2B0 /* Debug */ = {
			isa = XCBuildConfiguration;
			buildSettings = {
				ALWAYS_SEARCH_USER_PATHS = NO;
				CLANG_ANALYZER_NONNULL = YES;
				CLANG_ANALYZER_NUMBER_OBJECT_CONVERSION = YES_AGGRESSIVE;
				CLANG_CXX_LANGUAGE_STANDARD = "gnu++17";
				CLANG_CXX_LIBRARY = "libc++";
				CLANG_ENABLE_MODULES = YES;
				CLANG_ENABLE_OBJC_ARC = YES;
				CLANG_ENABLE_OBJC_WEAK = YES;
				CLANG_WARN_BLOCK_CAPTURE_AUTORELEASING = YES;
				CLANG_WARN_BOOL_CONVERSION = YES;
				CLANG_WARN_COMMA = YES;
				CLANG_WARN_CONSTANT_CONVERSION = YES;
				CLANG_WARN_DEPRECATED_OBJC_IMPLEMENTATIONS = YES;
				CLANG_WARN_DIRECT_OBJC_ISA_USAGE = YES_ERROR;
				CLANG_WARN_DOCUMENTATION_COMMENTS = YES;
				CLANG_WARN_EMPTY_BODY = YES;
				CLANG_WARN_ENUM_CONVERSION = YES;
				CLANG_WARN_INFINITE_RECURSION = YES;
				CLANG_WARN_INT_CONVERSION = YES;
				CLANG_WARN_NON_LITERAL_NULL_CONVERSION = YES;
				CLANG_WARN_OBJC_IMPLICIT_RETAIN_SELF = YES;
				CLANG_WARN_OBJC_LITERAL_CONVERSION = YES;
				CLANG_WARN_OBJC_ROOT_CLASS = YES_ERROR;
				CLANG_WARN_QUOTED_INCLUDE_IN_FRAMEWORK_HEADER = YES;
				CLANG_WARN_RANGE_LOOP_ANALYSIS = YES;
				CLANG_WARN_STRICT_PROTOTYPES = YES;
				CLANG_WARN_SUSPICIOUS_MOVE = YES;
				CLANG_WARN_UNGUARDED_AVAILABILITY = YES_AGGRESSIVE;
				CLANG_WARN_UNREACHABLE_CODE = YES;
				CLANG_WARN__DUPLICATE_METHOD_MATCH = YES;
				COPY_PHASE_STRIP = NO;
				DEBUG_INFORMATION_FORMAT = dwarf;
				ENABLE_STRICT_OBJC_MSGSEND = YES;
				ENABLE_TESTABILITY = YES;
				GCC_C_LANGUAGE_STANDARD = gnu11;
				GCC_DYNAMIC_NO_PIC = NO;
				GCC_NO_COMMON_BLOCKS = YES;
				GCC_OPTIMIZATION_LEVEL = 0;
				GCC_PREPROCESSOR_DEFINITIONS = (
					"DEBUG=1",
					"$(inherited)",
				);
				GCC_WARN_64_TO_32_BIT_CONVERSION = YES;
				GCC_WARN_ABOUT_RETURN_TYPE = YES_ERROR;
				GCC_WARN_UNDECLARED_SELECTOR = YES;
				GCC_WARN_UNINITIALIZED_AUTOS = YES_AGGRESSIVE;
				GCC_WARN_UNUSED_FUNCTION = YES;
				GCC_WARN_UNUSED_VARIABLE = YES;
				IPHONEOS_DEPLOYMENT_TARGET = 15.2;
				MTL_ENABLE_DEBUG_INFO = INCLUDE_SOURCE;
				MTL_FAST_MATH = YES;
				ONLY_ACTIVE_ARCH = YES;
				SDKROOT = iphoneos;
				SWIFT_ACTIVE_COMPILATION_CONDITIONS = DEBUG;
				SWIFT_OPTIMIZATION_LEVEL = "-Onone";
			};
			name = Debug;
		};
		6541A52D282E69620051B2B0 /* Release */ = {
			isa = XCBuildConfiguration;
			buildSettings = {
				ALWAYS_SEARCH_USER_PATHS = NO;
				CLANG_ANALYZER_NONNULL = YES;
				CLANG_ANALYZER_NUMBER_OBJECT_CONVERSION = YES_AGGRESSIVE;
				CLANG_CXX_LANGUAGE_STANDARD = "gnu++17";
				CLANG_CXX_LIBRARY = "libc++";
				CLANG_ENABLE_MODULES = YES;
				CLANG_ENABLE_OBJC_ARC = YES;
				CLANG_ENABLE_OBJC_WEAK = YES;
				CLANG_WARN_BLOCK_CAPTURE_AUTORELEASING = YES;
				CLANG_WARN_BOOL_CONVERSION = YES;
				CLANG_WARN_COMMA = YES;
				CLANG_WARN_CONSTANT_CONVERSION = YES;
				CLANG_WARN_DEPRECATED_OBJC_IMPLEMENTATIONS = YES;
				CLANG_WARN_DIRECT_OBJC_ISA_USAGE = YES_ERROR;
				CLANG_WARN_DOCUMENTATION_COMMENTS = YES;
				CLANG_WARN_EMPTY_BODY = YES;
				CLANG_WARN_ENUM_CONVERSION = YES;
				CLANG_WARN_INFINITE_RECURSION = YES;
				CLANG_WARN_INT_CONVERSION = YES;
				CLANG_WARN_NON_LITERAL_NULL_CONVERSION = YES;
				CLANG_WARN_OBJC_IMPLICIT_RETAIN_SELF = YES;
				CLANG_WARN_OBJC_LITERAL_CONVERSION = YES;
				CLANG_WARN_OBJC_ROOT_CLASS = YES_ERROR;
				CLANG_WARN_QUOTED_INCLUDE_IN_FRAMEWORK_HEADER = YES;
				CLANG_WARN_RANGE_LOOP_ANALYSIS = YES;
				CLANG_WARN_STRICT_PROTOTYPES = YES;
				CLANG_WARN_SUSPICIOUS_MOVE = YES;
				CLANG_WARN_UNGUARDED_AVAILABILITY = YES_AGGRESSIVE;
				CLANG_WARN_UNREACHABLE_CODE = YES;
				CLANG_WARN__DUPLICATE_METHOD_MATCH = YES;
				COPY_PHASE_STRIP = NO;
				DEBUG_INFORMATION_FORMAT = "dwarf-with-dsym";
				ENABLE_NS_ASSERTIONS = NO;
				ENABLE_STRICT_OBJC_MSGSEND = YES;
				GCC_C_LANGUAGE_STANDARD = gnu11;
				GCC_NO_COMMON_BLOCKS = YES;
				GCC_WARN_64_TO_32_BIT_CONVERSION = YES;
				GCC_WARN_ABOUT_RETURN_TYPE = YES_ERROR;
				GCC_WARN_UNDECLARED_SELECTOR = YES;
				GCC_WARN_UNINITIALIZED_AUTOS = YES_AGGRESSIVE;
				GCC_WARN_UNUSED_FUNCTION = YES;
				GCC_WARN_UNUSED_VARIABLE = YES;
				IPHONEOS_DEPLOYMENT_TARGET = 15.2;
				MTL_ENABLE_DEBUG_INFO = NO;
				MTL_FAST_MATH = YES;
				SDKROOT = iphoneos;
				SWIFT_COMPILATION_MODE = wholemodule;
				SWIFT_OPTIMIZATION_LEVEL = "-O";
				VALIDATE_PRODUCT = YES;
			};
			name = Release;
		};
		6541A52F282E69620051B2B0 /* Debug */ = {
			isa = XCBuildConfiguration;
			buildSettings = {
				ASSETCATALOG_COMPILER_APPICON_NAME = AppIcon;
				ASSETCATALOG_COMPILER_GLOBAL_ACCENT_COLOR_NAME = AccentColor;
				CODE_SIGN_STYLE = Automatic;
				CURRENT_PROJECT_VERSION = 1;
				DEVELOPMENT_ASSET_PATHS = "\"dailywallet/Preview Content\"";
				DEVELOPMENT_TEAM = V9277T6GRS;
				ENABLE_PREVIEWS = YES;
				GENERATE_INFOPLIST_FILE = YES;
				INFOPLIST_KEY_CFBundleDisplayName = "BDG Daily";
				INFOPLIST_KEY_NSCameraUsageDescription = "Camera access is required to scan QR codes.";
				INFOPLIST_KEY_UIApplicationSceneManifest_Generation = YES;
				INFOPLIST_KEY_UIApplicationSupportsIndirectInputEvents = YES;
				INFOPLIST_KEY_UILaunchScreen_Generation = YES;
				INFOPLIST_KEY_UISupportedInterfaceOrientations = UIInterfaceOrientationPortrait;
				IPHONEOS_DEPLOYMENT_TARGET = 17.0;
				LD_RUNPATH_SEARCH_PATHS = (
					"$(inherited)",
					"@executable_path/Frameworks",
				);
				MARKETING_VERSION = 0.1;
				PRODUCT_BUNDLE_IDENTIFIER = com.bdgwallet.dailywallet;
				PRODUCT_NAME = "Daily Wallet";
				SUPPORTED_PLATFORMS = "iphoneos iphonesimulator";
				SUPPORTS_MACCATALYST = NO;
				SUPPORTS_MAC_DESIGNED_FOR_IPHONE_IPAD = NO;
				SWIFT_EMIT_LOC_STRINGS = YES;
				SWIFT_VERSION = 5.0;
				TARGETED_DEVICE_FAMILY = 1;
			};
			name = Debug;
		};
		6541A530282E69620051B2B0 /* Release */ = {
			isa = XCBuildConfiguration;
			buildSettings = {
				ASSETCATALOG_COMPILER_APPICON_NAME = AppIcon;
				ASSETCATALOG_COMPILER_GLOBAL_ACCENT_COLOR_NAME = AccentColor;
				CODE_SIGN_STYLE = Automatic;
				CURRENT_PROJECT_VERSION = 1;
				DEVELOPMENT_ASSET_PATHS = "\"dailywallet/Preview Content\"";
				DEVELOPMENT_TEAM = V9277T6GRS;
				ENABLE_PREVIEWS = YES;
				GENERATE_INFOPLIST_FILE = YES;
				INFOPLIST_KEY_CFBundleDisplayName = "BDG Daily";
				INFOPLIST_KEY_NSCameraUsageDescription = "Camera access is required to scan QR codes.";
				INFOPLIST_KEY_UIApplicationSceneManifest_Generation = YES;
				INFOPLIST_KEY_UIApplicationSupportsIndirectInputEvents = YES;
				INFOPLIST_KEY_UILaunchScreen_Generation = YES;
				INFOPLIST_KEY_UISupportedInterfaceOrientations = UIInterfaceOrientationPortrait;
				IPHONEOS_DEPLOYMENT_TARGET = 17.0;
				LD_RUNPATH_SEARCH_PATHS = (
					"$(inherited)",
					"@executable_path/Frameworks",
				);
				MARKETING_VERSION = 0.1;
				PRODUCT_BUNDLE_IDENTIFIER = com.bdgwallet.dailywallet;
				PRODUCT_NAME = "Daily Wallet";
				SUPPORTED_PLATFORMS = "iphoneos iphonesimulator";
				SUPPORTS_MACCATALYST = NO;
				SUPPORTS_MAC_DESIGNED_FOR_IPHONE_IPAD = NO;
				SWIFT_EMIT_LOC_STRINGS = YES;
				SWIFT_VERSION = 5.0;
				TARGETED_DEVICE_FAMILY = 1;
			};
			name = Release;
		};
/* End XCBuildConfiguration section */

/* Begin XCConfigurationList section */
		6541A51B282E69600051B2B0 /* Build configuration list for PBXProject "dailywallet" */ = {
			isa = XCConfigurationList;
			buildConfigurations = (
				6541A52C282E69620051B2B0 /* Debug */,
				6541A52D282E69620051B2B0 /* Release */,
			);
			defaultConfigurationIsVisible = 0;
			defaultConfigurationName = Release;
		};
		6541A52E282E69620051B2B0 /* Build configuration list for PBXNativeTarget "dailywallet" */ = {
			isa = XCConfigurationList;
			buildConfigurations = (
				6541A52F282E69620051B2B0 /* Debug */,
				6541A530282E69620051B2B0 /* Release */,
			);
			defaultConfigurationIsVisible = 0;
			defaultConfigurationName = Release;
		};
/* End XCConfigurationList section */

/* Begin XCRemoteSwiftPackageReference section */
		6541A53C282E70C20051B2B0 /* XCRemoteSwiftPackageReference "KeychainAccess" */ = {
			isa = XCRemoteSwiftPackageReference;
			repositoryURL = "https://github.com/kishikawakatsumi/KeychainAccess";
			requirement = {
				kind = exactVersion;
				version = 4.2.2;
			};
		};
		658FA38628CB5CEF00196EF9 /* XCRemoteSwiftPackageReference "WalletUI" */ = {
			isa = XCRemoteSwiftPackageReference;
			repositoryURL = "https://github.com/bdgwallet/WalletUI";
			requirement = {
				branch = buttonstyles;
				kind = branch;
			};
		};
		65CE7B4B2B2A0C7100C53635 /* XCRemoteSwiftPackageReference "ldk-node" */ = {
			isa = XCRemoteSwiftPackageReference;
			repositoryURL = "https://github.com/lightningdevkit/ldk-node";
			requirement = {
				branch = main;
				kind = branch;
			};
		};
/* End XCRemoteSwiftPackageReference section */

/* Begin XCSwiftPackageProductDependency section */
		6541A53D282E70C20051B2B0 /* KeychainAccess */ = {
			isa = XCSwiftPackageProductDependency;
			package = 6541A53C282E70C20051B2B0 /* XCRemoteSwiftPackageReference "KeychainAccess" */;
			productName = KeychainAccess;
		};
		658FA38728CB5CEF00196EF9 /* WalletUI */ = {
			isa = XCSwiftPackageProductDependency;
			package = 658FA38628CB5CEF00196EF9 /* XCRemoteSwiftPackageReference "WalletUI" */;
			productName = WalletUI;
		};
		65CE7B4C2B2A0C7100C53635 /* LDKNode */ = {
			isa = XCSwiftPackageProductDependency;
			package = 65CE7B4B2B2A0C7100C53635 /* XCRemoteSwiftPackageReference "ldk-node" */;
			productName = LDKNode;
		};
/* End XCSwiftPackageProductDependency section */
	};
	rootObject = 6541A518282E69600051B2B0 /* Project object */;
}
